
Microsoft Visual Studio Solution File, Format Version 12.00
# Visual Studio Version 16
VisualStudioVersion = 16.0.29209.62
MinimumVisualStudioVersion = 10.0.40219.1
Project("{FAE04EC0-301F-11D3-BF4B-00C04F79EFBC}") = "mbrow", "mbrow\mbrow.csproj", "{75A3DEDB-2ED3-4EEF-B3F0-90B107A15EFB}"
EndProject
Global
	GlobalSection(SolutionConfigurationPlatforms) = preSolution
		Debug|Any CPU = Debug|Any CPU
		Release|Any CPU = Release|Any CPU
	EndGlobalSection
	GlobalSection(ProjectConfigurationPlatforms) = postSolution
		{75A3DEDB-2ED3-4EEF-B3F0-90B107A15EFB}.Debug|Any CPU.ActiveCfg = Debug|Any CPU
		{75A3DEDB-2ED3-4EEF-B3F0-90B107A15EFB}.Debug|Any CPU.Build.0 = Debug|Any CPU
		{75A3DEDB-2ED3-4EEF-B3F0-90B107A15EFB}.Release|Any CPU.ActiveCfg = Release|Any CPU
		{75A3DEDB-2ED3-4EEF-B3F0-90B107A15EFB}.Release|Any CPU.Build.0 = Release|Any CPU
	EndGlobalSection
	GlobalSection(SolutionProperties) = preSolution
		HideSolutionNode = FALSE
	EndGlobalSection
	GlobalSection(ExtensibilityGlobals) = postSolution
		SolutionGuid = {9C79647C-8877-45C2-9EE3-F5AA72F8B969}
	EndGlobalSection
EndGlobal
